// !$*UTF8*$!
{
	archiveVersion = 1;
	classes = {
	};
	objectVersion = 46;
	objects = {

/* Begin PBXBuildFile section */
		1D9F3954199C0378006227B0 /* Foundation.framework in Frameworks */ = {isa = PBXBuildFile; fileRef = 1D9F3953199C0378006227B0 /* Foundation.framework */; };
		1D9F3956199C0378006227B0 /* CoreGraphics.framework in Frameworks */ = {isa = PBXBuildFile; fileRef = 1D9F3955199C0378006227B0 /* CoreGraphics.framework */; };
		1D9F3958199C0378006227B0 /* UIKit.framework in Frameworks */ = {isa = PBXBuildFile; fileRef = 1D9F3957199C0378006227B0 /* UIKit.framework */; };
		1D9F395E199C0378006227B0 /* InfoPlist.strings in Resources */ = {isa = PBXBuildFile; fileRef = 1D9F395C199C0378006227B0 /* InfoPlist.strings */; };
		1D9F3960199C0378006227B0 /* main.m in Sources */ = {isa = PBXBuildFile; fileRef = 1D9F395F199C0378006227B0 /* main.m */; };
		1D9F3964199C0378006227B0 /* JBAppDelegate.m in Sources */ = {isa = PBXBuildFile; fileRef = 1D9F3963199C0378006227B0 /* JBAppDelegate.m */; };
		1D9F3967199C0378006227B0 /* Main.storyboard in Resources */ = {isa = PBXBuildFile; fileRef = 1D9F3965199C0378006227B0 /* Main.storyboard */; };
		1D9F396A199C0378006227B0 /* JBViewController.m in Sources */ = {isa = PBXBuildFile; fileRef = 1D9F3969199C0378006227B0 /* JBViewController.m */; };
		1D9F396C199C0378006227B0 /* Images.xcassets in Resources */ = {isa = PBXBuildFile; fileRef = 1D9F396B199C0378006227B0 /* Images.xcassets */; };
		1D9F3973199C0378006227B0 /* XCTest.framework in Frameworks */ = {isa = PBXBuildFile; fileRef = 1D9F3972199C0378006227B0 /* XCTest.framework */; };
		1D9F3974199C0378006227B0 /* Foundation.framework in Frameworks */ = {isa = PBXBuildFile; fileRef = 1D9F3953199C0378006227B0 /* Foundation.framework */; };
		1D9F3975199C0378006227B0 /* UIKit.framework in Frameworks */ = {isa = PBXBuildFile; fileRef = 1D9F3957199C0378006227B0 /* UIKit.framework */; };
		1D9F397D199C0378006227B0 /* InfoPlist.strings in Resources */ = {isa = PBXBuildFile; fileRef = 1D9F397B199C0378006227B0 /* InfoPlist.strings */; };
		1D9F397F199C0378006227B0 /* UITableViewController_Challenge_SolutionTests.m in Sources */ = {isa = PBXBuildFile; fileRef = 1D9F397E199C0378006227B0 /* UITableViewController_Challenge_SolutionTests.m */; };
/* End PBXBuildFile section */

/* Begin PBXContainerItemProxy section */
		1D9F3976199C0378006227B0 /* PBXContainerItemProxy */ = {
			isa = PBXContainerItemProxy;
			containerPortal = 1D9F3948199C0378006227B0 /* Project object */;
			proxyType = 1;
			remoteGlobalIDString = 1D9F394F199C0378006227B0;
			remoteInfo = "UITableViewController Challenge Solution";
		};
/* End PBXContainerItemProxy section */

/* Begin PBXFileReference section */
		1D9F3950199C0378006227B0 /* UITableViewController Challenge Solution.app */ = {isa = PBXFileReference; explicitFileType = wrapper.application; includeInIndex = 0; path = "UITableViewController Challenge Solution.app"; sourceTree = BUILT_PRODUCTS_DIR; };
		1D9F3953199C0378006227B0 /* Foundation.framework */ = {isa = PBXFileReference; lastKnownFileType = wrapper.framework; name = Foundation.framework; path = System/Library/Frameworks/Foundation.framework; sourceTree = SDKROOT; };
		1D9F3955199C0378006227B0 /* CoreGraphics.framework */ = {isa = PBXFileReference; lastKnownFileType = wrapper.framework; name = CoreGraphics.framework; path = System/Library/Frameworks/CoreGraphics.framework; sourceTree = SDKROOT; };
		1D9F3957199C0378006227B0 /* UIKit.framework */ = {isa = PBXFileReference; lastKnownFileType = wrapper.framework; name = UIKit.framework; path = System/Library/Frameworks/UIKit.framework; sourceTree = SDKROOT; };
		1D9F395B199C0378006227B0 /* UITableViewController Challenge Solution-Info.plist */ = {isa = PBXFileReference; lastKnownFileType = text.plist.xml; path = "UITableViewController Challenge Solution-Info.plist"; sourceTree = "<group>"; };
		1D9F395D199C0378006227B0 /* en */ = {isa = PBXFileReference; lastKnownFileType = text.plist.strings; name = en; path = en.lproj/InfoPlist.strings; sourceTree = "<group>"; };
		1D9F395F199C0378006227B0 /* main.m */ = {isa = PBXFileReference; lastKnownFileType = sourcecode.c.objc; path = main.m; sourceTree = "<group>"; };
		1D9F3961199C0378006227B0 /* UITableViewController Challenge Solution-Prefix.pch */ = {isa = PBXFileReference; lastKnownFileType = sourcecode.c.h; path = "UITableViewController Challenge Solution-Prefix.pch"; sourceTree = "<group>"; };
		1D9F3962199C0378006227B0 /* JBAppDelegate.h */ = {isa = PBXFileReference; lastKnownFileType = sourcecode.c.h; path = JBAppDelegate.h; sourceTree = "<group>"; };
		1D9F3963199C0378006227B0 /* JBAppDelegate.m */ = {isa = PBXFileReference; lastKnownFileType = sourcecode.c.objc; path = JBAppDelegate.m; sourceTree = "<group>"; };
		1D9F3966199C0378006227B0 /* Base */ = {isa = PBXFileReference; lastKnownFileType = file.storyboard; name = Base; path = Base.lproj/Main.storyboard; sourceTree = "<group>"; };
		1D9F3968199C0378006227B0 /* JBViewController.h */ = {isa = PBXFileReference; lastKnownFileType = sourcecode.c.h; path = JBViewController.h; sourceTree = "<group>"; };
		1D9F3969199C0378006227B0 /* JBViewController.m */ = {isa = PBXFileReference; lastKnownFileType = sourcecode.c.objc; path = JBViewController.m; sourceTree = "<group>"; };
		1D9F396B199C0378006227B0 /* Images.xcassets */ = {isa = PBXFileReference; lastKnownFileType = folder.assetcatalog; path = Images.xcassets; sourceTree = "<group>"; };
		1D9F3971199C0378006227B0 /* UITableViewController Challenge SolutionTests.xctest */ = {isa = PBXFileReference; explicitFileType = wrapper.cfbundle; includeInIndex = 0; path = "UITableViewController Challenge SolutionTests.xctest"; sourceTree = BUILT_PRODUCTS_DIR; };
		1D9F3972199C0378006227B0 /* XCTest.framework */ = {isa = PBXFileReference; lastKnownFileType = wrapper.framework; name = XCTest.framework; path = Library/Frameworks/XCTest.framework; sourceTree = DEVELOPER_DIR; };
		1D9F397A199C0378006227B0 /* UITableViewController Challenge SolutionTests-Info.plist */ = {isa = PBXFileReference; lastKnownFileType = text.plist.xml; path = "UITableViewController Challenge SolutionTests-Info.plist"; sourceTree = "<group>"; };
		1D9F397C199C0378006227B0 /* en */ = {isa = PBXFileReference; lastKnownFileType = text.plist.strings; name = en; path = en.lproj/InfoPlist.strings; sourceTree = "<group>"; };
		1D9F397E199C0378006227B0 /* UITableViewController_Challenge_SolutionTests.m */ = {isa = PBXFileReference; lastKnownFileType = sourcecode.c.objc; path = UITableViewController_Challenge_SolutionTests.m; sourceTree = "<group>"; };
/* End PBXFileReference section */

/* Begin PBXFrameworksBuildPhase section */
		1D9F394D199C0378006227B0 /* Frameworks */ = {
			isa = PBXFrameworksBuildPhase;
			buildActionMask = 2147483647;
			files = (
				1D9F3956199C0378006227B0 /* CoreGraphics.framework in Frameworks */,
				1D9F3958199C0378006227B0 /* UIKit.framework in Frameworks */,
				1D9F3954199C0378006227B0 /* Foundation.framework in Frameworks */,
			);
			runOnlyForDeploymentPostprocessing = 0;
		};
		1D9F396E199C0378006227B0 /* Frameworks */ = {
			isa = PBXFrameworksBuildPhase;
			buildActionMask = 2147483647;
			files = (
				1D9F3973199C0378006227B0 /* XCTest.framework in Frameworks */,
				1D9F3975199C0378006227B0 /* UIKit.framework in Frameworks */,
				1D9F3974199C0378006227B0 /* Foundation.framework in Frameworks */,
			);
			runOnlyForDeploymentPostprocessing = 0;
		};
/* End PBXFrameworksBuildPhase section */

/* Begin PBXGroup section */
		1D9F3947199C0378006227B0 = {
			isa = PBXGroup;
			children = (
				1D9F3959199C0378006227B0 /* UITableViewController Challenge Solution */,
				1D9F3978199C0378006227B0 /* UITableViewController Challenge SolutionTests */,
				1D9F3952199C0378006227B0 /* Frameworks */,
				1D9F3951199C0378006227B0 /* Products */,
			);
			sourceTree = "<group>";
		};
		1D9F3951199C0378006227B0 /* Products */ = {
			isa = PBXGroup;
			children = (
				1D9F3950199C0378006227B0 /* UITableViewController Challenge Solution.app */,
				1D9F3971199C0378006227B0 /* UITableViewController Challenge SolutionTests.xctest */,
			);
			name = Products;
			sourceTree = "<group>";
		};
		1D9F3952199C0378006227B0 /* Frameworks */ = {
			isa = PBXGroup;
			children = (
				1D9F3953199C0378006227B0 /* Foundation.framework */,
				1D9F3955199C0378006227B0 /* CoreGraphics.framework */,
				1D9F3957199C0378006227B0 /* UIKit.framework */,
				1D9F3972199C0378006227B0 /* XCTest.framework */,
			);
			name = Frameworks;
			sourceTree = "<group>";
		};
		1D9F3959199C0378006227B0 /* UITableViewController Challenge Solution */ = {
			isa = PBXGroup;
			children = (
				1D9F3962199C0378006227B0 /* JBAppDelegate.h */,
				1D9F3963199C0378006227B0 /* JBAppDelegate.m */,
				1D9F3965199C0378006227B0 /* Main.storyboard */,
				1D9F3968199C0378006227B0 /* JBViewController.h */,
				1D9F3969199C0378006227B0 /* JBViewController.m */,
				1D9F396B199C0378006227B0 /* Images.xcassets */,
				1D9F395A199C0378006227B0 /* Supporting Files */,
			);
			path = "UITableViewController Challenge Solution";
			sourceTree = "<group>";
		};
		1D9F395A199C0378006227B0 /* Supporting Files */ = {
			isa = PBXGroup;
			children = (
				1D9F395B199C0378006227B0 /* UITableViewController Challenge Solution-Info.plist */,
				1D9F395C199C0378006227B0 /* InfoPlist.strings */,
				1D9F395F199C0378006227B0 /* main.m */,
				1D9F3961199C0378006227B0 /* UITableViewController Challenge Solution-Prefix.pch */,
			);
			name = "Supporting Files";
			sourceTree = "<group>";
		};
		1D9F3978199C0378006227B0 /* UITableViewController Challenge SolutionTests */ = {
			isa = PBXGroup;
			children = (
				1D9F397E199C0378006227B0 /* UITableViewController_Challenge_SolutionTests.m */,
				1D9F3979199C0378006227B0 /* Supporting Files */,
			);
			path = "UITableViewController Challenge SolutionTests";
			sourceTree = "<group>";
		};
		1D9F3979199C0378006227B0 /* Supporting Files */ = {
			isa = PBXGroup;
			children = (
				1D9F397A199C0378006227B0 /* UITableViewController Challenge SolutionTests-Info.plist */,
				1D9F397B199C0378006227B0 /* InfoPlist.strings */,
			);
			name = "Supporting Files";
			sourceTree = "<group>";
		};
/* End PBXGroup section */

/* Begin PBXNativeTarget section */
		1D9F394F199C0378006227B0 /* UITableViewController Challenge Solution */ = {
			isa = PBXNativeTarget;
			buildConfigurationList = 1D9F3982199C0378006227B0 /* Build configuration list for PBXNativeTarget "UITableViewController Challenge Solution" */;
			buildPhases = (
				1D9F394C199C0378006227B0 /* Sources */,
				1D9F394D199C0378006227B0 /* Frameworks */,
				1D9F394E199C0378006227B0 /* Resources */,
			);
			buildRules = (
			);
			dependencies = (
			);
			name = "UITableViewController Challenge Solution";
			productName = "UITableViewController Challenge Solution";
			productReference = 1D9F3950199C0378006227B0 /* UITableViewController Challenge Solution.app */;
			productType = "com.apple.product-type.application";
		};
		1D9F3970199C0378006227B0 /* UITableViewController Challenge SolutionTests */ = {
			isa = PBXNativeTarget;
			buildConfigurationList = 1D9F3985199C0378006227B0 /* Build configuration list for PBXNativeTarget "UITableViewController Challenge SolutionTests" */;
			buildPhases = (
				1D9F396D199C0378006227B0 /* Sources */,
				1D9F396E199C0378006227B0 /* Frameworks */,
				1D9F396F199C0378006227B0 /* Resources */,
			);
			buildRules = (
			);
			dependencies = (
				1D9F3977199C0378006227B0 /* PBXTargetDependency */,
			);
			name = "UITableViewController Challenge SolutionTests";
			productName = "UITableViewController Challenge SolutionTests";
			productReference = 1D9F3971199C0378006227B0 /* UITableViewController Challenge SolutionTests.xctest */;
			productType = "com.apple.product-type.bundle.unit-test";
		};
/* End PBXNativeTarget section */

/* Begin PBXProject section */
		1D9F3948199C0378006227B0 /* Project object */ = {
			isa = PBXProject;
			attributes = {
				CLASSPREFIX = JB;
				LastUpgradeCheck = 0510;
				TargetAttributes = {
					1D9F3970199C0378006227B0 = {
						TestTargetID = 1D9F394F199C0378006227B0;
					};
				};
			};
			buildConfigurationList = 1D9F394B199C0378006227B0 /* Build configuration list for PBXProject "UITableViewController Challenge Solution" */;
			compatibilityVersion = "Xcode 3.2";
			developmentRegion = English;
			hasScannedForEncodings = 0;
			knownRegions = (
				en,
				Base,
			);
			mainGroup = 1D9F3947199C0378006227B0;
			productRefGroup = 1D9F3951199C0378006227B0 /* Products */;
			projectDirPath = "";
			projectRoot = "";
			targets = (
				1D9F394F199C0378006227B0 /* UITableViewController Challenge Solution */,
				1D9F3970199C0378006227B0 /* UITableViewController Challenge SolutionTests */,
			);
		};
/* End PBXProject section */

/* Begin PBXResourcesBuildPhase section */
		1D9F394E199C0378006227B0 /* Resources */ = {
			isa = PBXResourcesBuildPhase;
			buildActionMask = 2147483647;
			files = (
				1D9F396C199C0378006227B0 /* Images.xcassets in Resources */,
				1D9F395E199C0378006227B0 /* InfoPlist.strings in Resources */,
				1D9F3967199C0378006227B0 /* Main.storyboard in Resources */,
			);
			runOnlyForDeploymentPostprocessing = 0;
		};
		1D9F396F199C0378006227B0 /* Resources */ = {
			isa = PBXResourcesBuildPhase;
			buildActionMask = 2147483647;
			files = (
				1D9F397D199C0378006227B0 /* InfoPlist.strings in Resources */,
			);
			runOnlyForDeploymentPostprocessing = 0;
		};
/* End PBXResourcesBuildPhase section */

/* Begin PBXSourcesBuildPhase section */
		1D9F394C199C0378006227B0 /* Sources */ = {
			isa = PBXSourcesBuildPhase;
			buildActionMask = 2147483647;
			files = (
				1D9F3964199C0378006227B0 /* JBAppDelegate.m in Sources */,
				1D9F396A199C0378006227B0 /* JBViewController.m in Sources */,
				1D9F3960199C0378006227B0 /* main.m in Sources */,
			);
			runOnlyForDeploymentPostprocessing = 0;
		};
		1D9F396D199C0378006227B0 /* Sources */ = {
			isa = PBXSourcesBuildPhase;
			buildActionMask = 2147483647;
			files = (
				1D9F397F199C0378006227B0 /* UITableViewController_Challenge_SolutionTests.m in Sources */,
			);
			runOnlyForDeploymentPostprocessing = 0;
		};
/* End PBXSourcesBuildPhase section */

/* Begin PBXTargetDependency section */
		1D9F3977199C0378006227B0 /* PBXTargetDependency */ = {
			isa = PBXTargetDependency;
			target = 1D9F394F199C0378006227B0 /* UITableViewController Challenge Solution */;
			targetProxy = 1D9F3976199C0378006227B0 /* PBXContainerItemProxy */;
		};
/* End PBXTargetDependency section */

/* Begin PBXVariantGroup section */
		1D9F395C199C0378006227B0 /* InfoPlist.strings */ = {
			isa = PBXVariantGroup;
			children = (
				1D9F395D199C0378006227B0 /* en */,
			);
			name = InfoPlist.strings;
			sourceTree = "<group>";
		};
		1D9F3965199C0378006227B0 /* Main.storyboard */ = {
			isa = PBXVariantGroup;
			children = (
				1D9F3966199C0378006227B0 /* Base */,
			);
			name = Main.storyboard;
			sourceTree = "<group>";
		};
		1D9F397B199C0378006227B0 /* InfoPlist.strings */ = {
			isa = PBXVariantGroup;
			children = (
				1D9F397C199C0378006227B0 /* en */,
			);
			name = InfoPlist.strings;
			sourceTree = "<group>";
		};
/* End PBXVariantGroup section */

/* Begin XCBuildConfiguration section */
		1D9F3980199C0378006227B0 /* Debug */ = {
			isa = XCBuildConfiguration;
			buildSettings = {
				ALWAYS_SEARCH_USER_PATHS = NO;
				CLANG_CXX_LANGUAGE_STANDARD = "gnu++0x";
				CLANG_CXX_LIBRARY = "libc++";
				CLANG_ENABLE_MODULES = YES;
				CLANG_ENABLE_OBJC_ARC = YES;
				CLANG_WARN_BOOL_CONVERSION = YES;
				CLANG_WARN_CONSTANT_CONVERSION = YES;
				CLANG_WARN_DIRECT_OBJC_ISA_USAGE = YES_ERROR;
				CLANG_WARN_EMPTY_BODY = YES;
				CLANG_WARN_ENUM_CONVERSION = YES;
				CLANG_WARN_INT_CONVERSION = YES;
				CLANG_WARN_OBJC_ROOT_CLASS = YES_ERROR;
				CLANG_WARN__DUPLICATE_METHOD_MATCH = YES;
				"CODE_SIGN_IDENTITY[sdk=iphoneos*]" = "iPhone Developer";
				COPY_PHASE_STRIP = NO;
				GCC_C_LANGUAGE_STANDARD = gnu99;
				GCC_DYNAMIC_NO_PIC = NO;
				GCC_OPTIMIZATION_LEVEL = 0;
				GCC_PREPROCESSOR_DEFINITIONS = (
					"DEBUG=1",
					"$(inherited)",
				);
				GCC_SYMBOLS_PRIVATE_EXTERN = NO;
				GCC_WARN_64_TO_32_BIT_CONVERSION = YES;
				GCC_WARN_ABOUT_RETURN_TYPE = YES_ERROR;
				GCC_WARN_UNDECLARED_SELECTOR = YES;
				GCC_WARN_UNINITIALIZED_AUTOS = YES_AGGRESSIVE;
				GCC_WARN_UNUSED_FUNCTION = YES;
				GCC_WARN_UNUSED_VARIABLE = YES;
				IPHONEOS_DEPLOYMENT_TARGET = 7.1;
				ONLY_ACTIVE_ARCH = YES;
				SDKROOT = iphoneos;
			};
			name = Debug;
		};
		1D9F3981199C0378006227B0 /* Release */ = {
			isa = XCBuildConfiguration;
			buildSettings = {
				ALWAYS_SEARCH_USER_PATHS = NO;
				CLANG_CXX_LANGUAGE_STANDARD = "gnu++0x";
				CLANG_CXX_LIBRARY = "libc++";
				CLANG_ENABLE_MODULES = YES;
				CLANG_ENABLE_OBJC_ARC = YES;
				CLANG_WARN_BOOL_CONVERSION = YES;
				CLANG_WARN_CONSTANT_CONVERSION = YES;
				CLANG_WARN_DIRECT_OBJC_ISA_USAGE = YES_ERROR;
				CLANG_WARN_EMPTY_BODY = YES;
				CLANG_WARN_ENUM_CONVERSION = YES;
				CLANG_WARN_INT_CONVERSION = YES;
				CLANG_WARN_OBJC_ROOT_CLASS = YES_ERROR;
				CLANG_WARN__DUPLICATE_METHOD_MATCH = YES;
				"CODE_SIGN_IDENTITY[sdk=iphoneos*]" = "iPhone Developer";
				COPY_PHASE_STRIP = YES;
				ENABLE_NS_ASSERTIONS = NO;
				GCC_C_LANGUAGE_STANDARD = gnu99;
				GCC_WARN_64_TO_32_BIT_CONVERSION = YES;
				GCC_WARN_ABOUT_RETURN_TYPE = YES_ERROR;
				GCC_WARN_UNDECLARED_SELECTOR = YES;
				GCC_WARN_UNINITIALIZED_AUTOS = YES_AGGRESSIVE;
				GCC_WARN_UNUSED_FUNCTION = YES;
				GCC_WARN_UNUSED_VARIABLE = YES;
				IPHONEOS_DEPLOYMENT_TARGET = 7.1;
				SDKROOT = iphoneos;
				VALIDATE_PRODUCT = YES;
			};
			name = Release;
		};
		1D9F3983199C0378006227B0 /* Debug */ = {
			isa = XCBuildConfiguration;
			buildSettings = {
				ASSETCATALOG_COMPILER_APPICON_NAME = AppIcon;
				ASSETCATALOG_COMPILER_LAUNCHIMAGE_NAME = LaunchImage;
				GCC_PRECOMPILE_PREFIX_HEADER = YES;
				GCC_PREFIX_HEADER = "UITableViewController Challenge Solution/UITableViewController Challenge Solution-Prefix.pch";
				INFOPLIST_FILE = "UITableViewController Challenge Solution/UITableViewController Challenge Solution-Info.plist";
				PRODUCT_NAME = "$(TARGET_NAME)";
				WRAPPER_EXTENSION = app;
			};
			name = Debug;
		};
		1D9F3984199C0378006227B0 /* Release */ = {
			isa = XCBuildConfiguration;
			buildSettings = {
				ASSETCATALOG_COMPILER_APPICON_NAME = AppIcon;
				ASSETCATALOG_COMPILER_LAUNCHIMAGE_NAME = LaunchImage;
				GCC_PRECOMPILE_PREFIX_HEADER = YES;
				GCC_PREFIX_HEADER = "UITableViewController Challenge Solution/UITableViewController Challenge Solution-Prefix.pch";
				INFOPLIST_FILE = "UITableViewController Challenge Solution/UITableViewController Challenge Solution-Info.plist";
				PRODUCT_NAME = "$(TARGET_NAME)";
				WRAPPER_EXTENSION = app;
			};
			name = Release;
		};
		1D9F3986199C0378006227B0 /* Debug */ = {
			isa = XCBuildConfiguration;
			buildSettings = {
				BUNDLE_LOADER = "$(BUILT_PRODUCTS_DIR)/UITableViewController Challenge Solution.app/UITableViewController Challenge Solution";
				FRAMEWORK_SEARCH_PATHS = (
					"$(SDKROOT)/Developer/Library/Frameworks",
					"$(inherited)",
					"$(DEVELOPER_FRAMEWORKS_DIR)",
				);
				GCC_PRECOMPILE_PREFIX_HEADER = YES;
				GCC_PREFIX_HEADER = "UITableViewController Challenge Solution/UITableViewController Challenge Solution-Prefix.pch";
				GCC_PREPROCESSOR_DEFINITIONS = (
					"DEBUG=1",
					"$(inherited)",
				);
				INFOPLIST_FILE = "UITableViewController Challenge SolutionTests/UITableViewController Challenge SolutionTests-Info.plist";
				PRODUCT_NAME = "$(TARGET_NAME)";
				TEST_HOST = "$(BUNDLE_LOADER)";
				WRAPPER_EXTENSION = xctest;
			};
			name = Debug;
		};
		1D9F3987199C0378006227B0 /* Release */ = {
			isa = XCBuildConfiguration;
			buildSettings = {
				BUNDLE_LOADER = "$(BUILT_PRODUCTS_DIR)/UITableViewController Challenge Solution.app/UITableViewController Challenge Solution";
				FRAMEWORK_SEARCH_PATHS = (
					"$(SDKROOT)/Developer/Library/Frameworks",
					"$(inherited)",
					"$(DEVELOPER_FRAMEWORKS_DIR)",
				);
				GCC_PRECOMPILE_PREFIX_HEADER = YES;
				GCC_PREFIX_HEADER = "UITableViewController Challenge Solution/UITableViewController Challenge Solution-Prefix.pch";
				INFOPLIST_FILE = "UITableViewController Challenge SolutionTests/UITableViewController Challenge SolutionTests-Info.plist";
				PRODUCT_NAME = "$(TARGET_NAME)";
				TEST_HOST = "$(BUNDLE_LOADER)";
				WRAPPER_EXTENSION = xctest;
			};
			name = Release;
		};
/* End XCBuildConfiguration section */

/* Begin XCConfigurationList section */
		1D9F394B199C0378006227B0 /* Build configuration list for PBXProject "UITableViewController Challenge Solution" */ = {
			isa = XCConfigurationList;
			buildConfigurations = (
				1D9F3980199C0378006227B0 /* Debug */,
				1D9F3981199C0378006227B0 /* Release */,
			);
			defaultConfigurationIsVisible = 0;
			defaultConfigurationName = Release;
		};
		1D9F3982199C0378006227B0 /* Build configuration list for PBXNativeTarget "UITableViewController Challenge Solution" */ = {
			isa = XCConfigurationList;
			buildConfigurations = (
				1D9F3983199C0378006227B0 /* Debug */,
				1D9F3984199C0378006227B0 /* Release */,
			);
			defaultConfigurationIsVisible = 0;
		};
		1D9F3985199C0378006227B0 /* Build configuration list for PBXNativeTarget "UITableViewController Challenge SolutionTests" */ = {
			isa = XCConfigurationList;
			buildConfigurations = (
				1D9F3986199C0378006227B0 /* Debug */,
				1D9F3987199C0378006227B0 /* Release */,
			);
			defaultConfigurationIsVisible = 0;
		};
/* End XCConfigurationList section */
	};
	rootObject = 1D9F3948199C0378006227B0 /* Project object */;
}
